
Microsoft Visual Studio Solution File, Format Version 12.00
# Visual Studio 15
VisualStudioVersion = 15.0.26124.0
MinimumVisualStudioVersion = 15.0.26124.0
Project("{FAE04EC0-301F-11D3-BF4B-00C04F79EFBC}") = "Template.Generator", "Template.Generator\Template.Generator.csproj", "{F0DACA45-B3F0-4206-9622-BA0BFB503DEB}"
EndProject
Project("{FAE04EC0-301F-11D3-BF4B-00C04F79EFBC}") = "Template.Generator.Core", "Template.Generator.Core\Template.Generator.Core.csproj", "{87D7AE5C-509E-44FF-A235-DBB5BBDCCB9F}"
EndProject
Project("{FAE04EC0-301F-11D3-BF4B-00C04F79EFBC}") = "Template.Generator.Cli", "Template.Generator.Cli\Template.Generator.Cli.csproj", "{82883380-759E-4D6E-819F-7633E0BD5413}"
EndProject
Global
	GlobalSection(SolutionConfigurationPlatforms) = preSolution
		Debug|Any CPU = Debug|Any CPU
		Debug|x64 = Debug|x64
		Debug|x86 = Debug|x86
		Release|Any CPU = Release|Any CPU
		Release|x64 = Release|x64
		Release|x86 = Release|x86
	EndGlobalSection
	GlobalSection(SolutionProperties) = preSolution
		HideSolutionNode = FALSE
	EndGlobalSection
	GlobalSection(ProjectConfigurationPlatforms) = postSolution
		{F0DACA45-B3F0-4206-9622-BA0BFB503DEB}.Debug|Any CPU.ActiveCfg = Debug|Any CPU
		{F0DACA45-B3F0-4206-9622-BA0BFB503DEB}.Debug|Any CPU.Build.0 = Debug|Any CPU
		{F0DACA45-B3F0-4206-9622-BA0BFB503DEB}.Debug|x64.ActiveCfg = Debug|Any CPU
		{F0DACA45-B3F0-4206-9622-BA0BFB503DEB}.Debug|x64.Build.0 = Debug|Any CPU
		{F0DACA45-B3F0-4206-9622-BA0BFB503DEB}.Debug|x86.ActiveCfg = Debug|Any CPU
		{F0DACA45-B3F0-4206-9622-BA0BFB503DEB}.Debug|x86.Build.0 = Debug|Any CPU
		{F0DACA45-B3F0-4206-9622-BA0BFB503DEB}.Release|Any CPU.ActiveCfg = Release|Any CPU
		{F0DACA45-B3F0-4206-9622-BA0BFB503DEB}.Release|Any CPU.Build.0 = Release|Any CPU
		{F0DACA45-B3F0-4206-9622-BA0BFB503DEB}.Release|x64.ActiveCfg = Release|Any CPU
		{F0DACA45-B3F0-4206-9622-BA0BFB503DEB}.Release|x64.Build.0 = Release|Any CPU
		{F0DACA45-B3F0-4206-9622-BA0BFB503DEB}.Release|x86.ActiveCfg = Release|Any CPU
		{F0DACA45-B3F0-4206-9622-BA0BFB503DEB}.Release|x86.Build.0 = Release|Any CPU
		{87D7AE5C-509E-44FF-A235-DBB5BBDCCB9F}.Debug|Any CPU.ActiveCfg = Debug|Any CPU
		{87D7AE5C-509E-44FF-A235-DBB5BBDCCB9F}.Debug|Any CPU.Build.0 = Debug|Any CPU
		{87D7AE5C-509E-44FF-A235-DBB5BBDCCB9F}.Debug|x64.ActiveCfg = Debug|Any CPU
		{87D7AE5C-509E-44FF-A235-DBB5BBDCCB9F}.Debug|x64.Build.0 = Debug|Any CPU
		{87D7AE5C-509E-44FF-A235-DBB5BBDCCB9F}.Debug|x86.ActiveCfg = Debug|Any CPU
		{87D7AE5C-509E-44FF-A235-DBB5BBDCCB9F}.Debug|x86.Build.0 = Debug|Any CPU
		{87D7AE5C-509E-44FF-A235-DBB5BBDCCB9F}.Release|Any CPU.ActiveCfg = Release|Any CPU
		{87D7AE5C-509E-44FF-A235-DBB5BBDCCB9F}.Release|Any CPU.Build.0 = Release|Any CPU
		{87D7AE5C-509E-44FF-A235-DBB5BBDCCB9F}.Release|x64.ActiveCfg = Release|Any CPU
		{87D7AE5C-509E-44FF-A235-DBB5BBDCCB9F}.Release|x64.Build.0 = Release|Any CPU
		{87D7AE5C-509E-44FF-A235-DBB5BBDCCB9F}.Release|x86.ActiveCfg = Release|Any CPU
		{87D7AE5C-509E-44FF-A235-DBB5BBDCCB9F}.Release|x86.Build.0 = Release|Any CPU
		{82883380-759E-4D6E-819F-7633E0BD5413}.Debug|Any CPU.ActiveCfg = Debug|Any CPU
		{82883380-759E-4D6E-819F-7633E0BD5413}.Debug|Any CPU.Build.0 = Debug|Any CPU
		{82883380-759E-4D6E-819F-7633E0BD5413}.Debug|x64.ActiveCfg = Debug|Any CPU
		{82883380-759E-4D6E-819F-7633E0BD5413}.Debug|x64.Build.0 = Debug|Any CPU
		{82883380-759E-4D6E-819F-7633E0BD5413}.Debug|x86.ActiveCfg = Debug|Any CPU
		{82883380-759E-4D6E-819F-7633E0BD5413}.Debug|x86.Build.0 = Debug|Any CPU
		{82883380-759E-4D6E-819F-7633E0BD5413}.Release|Any CPU.ActiveCfg = Release|Any CPU
		{82883380-759E-4D6E-819F-7633E0BD5413}.Release|Any CPU.Build.0 = Release|Any CPU
		{82883380-759E-4D6E-819F-7633E0BD5413}.Release|x64.ActiveCfg = Release|Any CPU
		{82883380-759E-4D6E-819F-7633E0BD5413}.Release|x64.Build.0 = Release|Any CPU
		{82883380-759E-4D6E-819F-7633E0BD5413}.Release|x86.ActiveCfg = Release|Any CPU
		{82883380-759E-4D6E-819F-7633E0BD5413}.Release|x86.Build.0 = Release|Any CPU
	EndGlobalSection
EndGlobal
